// !$*UTF8*$!
{
	archiveVersion = 1;
	classes = {
	};
	objectVersion = 48;
	objects = {

/* Begin PBXBuildFile section */
		444431D81FFDAB8000D5BDED /* AppDelegate.swift in Sources */ = {isa = PBXBuildFile; fileRef = 444431D71FFDAB8000D5BDED /* AppDelegate.swift */; };
		444431DA1FFDAB8000D5BDED /* ViewController.swift in Sources */ = {isa = PBXBuildFile; fileRef = 444431D91FFDAB8000D5BDED /* ViewController.swift */; };
		444431DD1FFDAB8000D5BDED /* Main.storyboard in Resources */ = {isa = PBXBuildFile; fileRef = 444431DB1FFDAB8000D5BDED /* Main.storyboard */; };
		444431DF1FFDAB8000D5BDED /* Assets.xcassets in Resources */ = {isa = PBXBuildFile; fileRef = 444431DE1FFDAB8000D5BDED /* Assets.xcassets */; };
		444431E21FFDAB8000D5BDED /* LaunchScreen.storyboard in Resources */ = {isa = PBXBuildFile; fileRef = 444431E01FFDAB8000D5BDED /* LaunchScreen.storyboard */; };
		444431EA1FFDBF7000D5BDED /* CheckImageViewController.swift in Sources */ = {isa = PBXBuildFile; fileRef = 444431E91FFDBF6F00D5BDED /* CheckImageViewController.swift */; };
/* End PBXBuildFile section */

/* Begin PBXFileReference section */
		444431D41FFDAB8000D5BDED /* Check Deposit Image V1.app */ = {isa = PBXFileReference; explicitFileType = wrapper.application; includeInIndex = 0; path = "Check Deposit Image V1.app"; sourceTree = BUILT_PRODUCTS_DIR; };
		444431D71FFDAB8000D5BDED /* AppDelegate.swift */ = {isa = PBXFileReference; lastKnownFileType = sourcecode.swift; path = AppDelegate.swift; sourceTree = "<group>"; };
		444431D91FFDAB8000D5BDED /* ViewController.swift */ = {isa = PBXFileReference; lastKnownFileType = sourcecode.swift; path = ViewController.swift; sourceTree = "<group>"; };
		444431DC1FFDAB8000D5BDED /* Base */ = {isa = PBXFileReference; lastKnownFileType = file.storyboard; name = Base; path = Base.lproj/Main.storyboard; sourceTree = "<group>"; };
		444431DE1FFDAB8000D5BDED /* Assets.xcassets */ = {isa = PBXFileReference; lastKnownFileType = folder.assetcatalog; path = Assets.xcassets; sourceTree = "<group>"; };
		444431E11FFDAB8000D5BDED /* Base */ = {isa = PBXFileReference; lastKnownFileType = file.storyboard; name = Base; path = Base.lproj/LaunchScreen.storyboard; sourceTree = "<group>"; };
		444431E31FFDAB8000D5BDED /* Info.plist */ = {isa = PBXFileReference; lastKnownFileType = text.plist.xml; path = Info.plist; sourceTree = "<group>"; };
		444431E91FFDBF6F00D5BDED /* CheckImageViewController.swift */ = {isa = PBXFileReference; lastKnownFileType = sourcecode.swift; name = CheckImageViewController.swift; path = ../../../CheckImageViewController.swift; sourceTree = "<group>"; };
/* End PBXFileReference section */

/* Begin PBXFrameworksBuildPhase section */
		444431D11FFDAB8000D5BDED /* Frameworks */ = {
			isa = PBXFrameworksBuildPhase;
			buildActionMask = 2147483647;
			files = (
			);
			runOnlyForDeploymentPostprocessing = 0;
		};
/* End PBXFrameworksBuildPhase section */

/* Begin PBXGroup section */
		444431CB1FFDAB7F00D5BDED = {
			isa = PBXGroup;
			children = (
				444431D61FFDAB8000D5BDED /* Check Deposit Image V1 */,
				444431D51FFDAB8000D5BDED /* Products */,
			);
			sourceTree = "<group>";
		};
		444431D51FFDAB8000D5BDED /* Products */ = {
			isa = PBXGroup;
			children = (
				444431D41FFDAB8000D5BDED /* Check Deposit Image V1.app */,
			);
			name = Products;
			sourceTree = "<group>";
		};
		444431D61FFDAB8000D5BDED /* Check Deposit Image V1 */ = {
			isa = PBXGroup;
			children = (
				444431D71FFDAB8000D5BDED /* AppDelegate.swift */,
				444431DB1FFDAB8000D5BDED /* Main.storyboard */,
				444431E91FFDBF6F00D5BDED /* CheckImageViewController.swift */,
				444431D91FFDAB8000D5BDED /* ViewController.swift */,
				444431DE1FFDAB8000D5BDED /* Assets.xcassets */,
				444431E01FFDAB8000D5BDED /* LaunchScreen.storyboard */,
				444431E31FFDAB8000D5BDED /* Info.plist */,
			);
			path = "Check Deposit Image V1";
			sourceTree = "<group>";
		};
/* End PBXGroup section */

/* Begin PBXNativeTarget section */
		444431D31FFDAB8000D5BDED /* Check Deposit Image V1 */ = {
			isa = PBXNativeTarget;
			buildConfigurationList = 444431E61FFDAB8000D5BDED /* Build configuration list for PBXNativeTarget "Check Deposit Image V1" */;
			buildPhases = (
				444431D01FFDAB8000D5BDED /* Sources */,
				444431D11FFDAB8000D5BDED /* Frameworks */,
				444431D21FFDAB8000D5BDED /* Resources */,
			);
			buildRules = (
			);
			dependencies = (
			);
			name = "Check Deposit Image V1";
			productName = "Check Deposit Image V1";
			productReference = 444431D41FFDAB8000D5BDED /* Check Deposit Image V1.app */;
			productType = "com.apple.product-type.application";
		};
/* End PBXNativeTarget section */

/* Begin PBXProject section */
		444431CC1FFDAB8000D5BDED /* Project object */ = {
			isa = PBXProject;
			attributes = {
				LastSwiftUpdateCheck = 0920;
				LastUpgradeCheck = 0920;
				ORGANIZATIONNAME = EDI;
				TargetAttributes = {
					444431D31FFDAB8000D5BDED = {
						CreatedOnToolsVersion = 9.2;
						ProvisioningStyle = Automatic;
					};
				};
			};
			buildConfigurationList = 444431CF1FFDAB8000D5BDED /* Build configuration list for PBXProject "Check Deposit Image V1" */;
			compatibilityVersion = "Xcode 8.0";
			developmentRegion = en;
			hasScannedForEncodings = 0;
			knownRegions = (
				en,
				Base,
			);
			mainGroup = 444431CB1FFDAB7F00D5BDED;
			productRefGroup = 444431D51FFDAB8000D5BDED /* Products */;
			projectDirPath = "";
			projectRoot = "";
			targets = (
				444431D31FFDAB8000D5BDED /* Check Deposit Image V1 */,
			);
		};
/* End PBXProject section */

/* Begin PBXResourcesBuildPhase section */
		444431D21FFDAB8000D5BDED /* Resources */ = {
			isa = PBXResourcesBuildPhase;
			buildActionMask = 2147483647;
			files = (
				444431E21FFDAB8000D5BDED /* LaunchScreen.storyboard in Resources */,
				444431DF1FFDAB8000D5BDED /* Assets.xcassets in Resources */,
				444431DD1FFDAB8000D5BDED /* Main.storyboard in Resources */,
			);
			runOnlyForDeploymentPostprocessing = 0;
		};
/* End PBXResourcesBuildPhase section */

/* Begin PBXSourcesBuildPhase section */
		444431D01FFDAB8000D5BDED /* Sources */ = {
			isa = PBXSourcesBuildPhase;
			buildActionMask = 2147483647;
			files = (
				444431DA1FFDAB8000D5BDED /* ViewController.swift in Sources */,
				444431D81FFDAB8000D5BDED /* AppDelegate.swift in Sources */,
				444431EA1FFDBF7000D5BDED /* CheckImageViewController.swift in Sources */,
			);
			runOnlyForDeploymentPostprocessing = 0;
		};
/* End PBXSourcesBuildPhase section */

/* Begin PBXVariantGroup section */
		444431DB1FFDAB8000D5BDED /* Main.storyboard */ = {
			isa = PBXVariantGroup;
			children = (
				444431DC1FFDAB8000D5BDED /* Base */,
			);
			name = Main.storyboard;
			sourceTree = "<group>";
		};
		444431E01FFDAB8000D5BDED /* LaunchScreen.storyboard */ = {
			isa = PBXVariantGroup;
			children = (
				444431E11FFDAB8000D5BDED /* Base */,
			);
			name = LaunchScreen.storyboard;
			sourceTree = "<group>";
		};
/* End PBXVariantGroup section */

/* Begin XCBuildConfiguration section */
		444431E41FFDAB8000D5BDED /* Debug */ = {
			isa = XCBuildConfiguration;
			buildSettings = {
				ALWAYS_SEARCH_USER_PATHS = NO;
				CLANG_ANALYZER_NONNULL = YES;
				CLANG_ANALYZER_NUMBER_OBJECT_CONVERSION = YES_AGGRESSIVE;
				CLANG_CXX_LANGUAGE_STANDARD = "gnu++14";
				CLANG_CXX_LIBRARY = "libc++";
				CLANG_ENABLE_MODULES = YES;
				CLANG_ENABLE_OBJC_ARC = YES;
				CLANG_WARN_BLOCK_CAPTURE_AUTORELEASING = YES;
				CLANG_WARN_BOOL_CONVERSION = YES;
				CLANG_WARN_COMMA = YES;
				CLANG_WARN_CONSTANT_CONVERSION = YES;
				CLANG_WARN_DIRECT_OBJC_ISA_USAGE = YES_ERROR;
				CLANG_WARN_DOCUMENTATION_COMMENTS = YES;
				CLANG_WARN_EMPTY_BODY = YES;
				CLANG_WARN_ENUM_CONVERSION = YES;
				CLANG_WARN_INFINITE_RECURSION = YES;
				CLANG_WARN_INT_CONVERSION = YES;
				CLANG_WARN_NON_LITERAL_NULL_CONVERSION = YES;
				CLANG_WARN_OBJC_LITERAL_CONVERSION = YES;
				CLANG_WARN_OBJC_ROOT_CLASS = YES_ERROR;
				CLANG_WARN_RANGE_LOOP_ANALYSIS = YES;
				CLANG_WARN_STRICT_PROTOTYPES = YES;
				CLANG_WARN_SUSPICIOUS_MOVE = YES;
				CLANG_WARN_UNGUARDED_AVAILABILITY = YES_AGGRESSIVE;
				CLANG_WARN_UNREACHABLE_CODE = YES;
				CLANG_WARN__DUPLICATE_METHOD_MATCH = YES;
				CODE_SIGN_IDENTITY = "iPhone Developer";
				COPY_PHASE_STRIP = NO;
				DEBUG_INFORMATION_FORMAT = dwarf;
				ENABLE_STRICT_OBJC_MSGSEND = YES;
				ENABLE_TESTABILITY = YES;
				GCC_C_LANGUAGE_STANDARD = gnu11;
				GCC_DYNAMIC_NO_PIC = NO;
				GCC_NO_COMMON_BLOCKS = YES;
				GCC_OPTIMIZATION_LEVEL = 0;
				GCC_PREPROCESSOR_DEFINITIONS = (
					"DEBUG=1",
					"$(inherited)",
				);
				GCC_WARN_64_TO_32_BIT_CONVERSION = YES;
				GCC_WARN_ABOUT_RETURN_TYPE = YES_ERROR;
				GCC_WARN_UNDECLARED_SELECTOR = YES;
				GCC_WARN_UNINITIALIZED_AUTOS = YES_AGGRESSIVE;
				GCC_WARN_UNUSED_FUNCTION = YES;
				GCC_WARN_UNUSED_VARIABLE = YES;
				IPHONEOS_DEPLOYMENT_TARGET = 11.2;
				MTL_ENABLE_DEBUG_INFO = YES;
				ONLY_ACTIVE_ARCH = YES;
				SDKROOT = iphoneos;
				SWIFT_ACTIVE_COMPILATION_CONDITIONS = DEBUG;
				SWIFT_OPTIMIZATION_LEVEL = "-Onone";
			};
			name = Debug;
		};
		444431E51FFDAB8000D5BDED /* Release */ = {
			isa = XCBuildConfiguration;
			buildSettings = {
				ALWAYS_SEARCH_USER_PATHS = NO;
				CLANG_ANALYZER_NONNULL = YES;
				CLANG_ANALYZER_NUMBER_OBJECT_CONVERSION = YES_AGGRESSIVE;
				CLANG_CXX_LANGUAGE_STANDARD = "gnu++14";
				CLANG_CXX_LIBRARY = "libc++";
				CLANG_ENABLE_MODULES = YES;
				CLANG_ENABLE_OBJC_ARC = YES;
				CLANG_WARN_BLOCK_CAPTURE_AUTORELEASING = YES;
				CLANG_WARN_BOOL_CONVERSION = YES;
				CLANG_WARN_COMMA = YES;
				CLANG_WARN_CONSTANT_CONVERSION = YES;
				CLANG_WARN_DIRECT_OBJC_ISA_USAGE = YES_ERROR;
				CLANG_WARN_DOCUMENTATION_COMMENTS = YES;
				CLANG_WARN_EMPTY_BODY = YES;
				CLANG_WARN_ENUM_CONVERSION = YES;
				CLANG_WARN_INFINITE_RECURSION = YES;
				CLANG_WARN_INT_CONVERSION = YES;
				CLANG_WARN_NON_LITERAL_NULL_CONVERSION = YES;
				CLANG_WARN_OBJC_LITERAL_CONVERSION = YES;
				CLANG_WARN_OBJC_ROOT_CLASS = YES_ERROR;
				CLANG_WARN_RANGE_LOOP_ANALYSIS = YES;
				CLANG_WARN_STRICT_PROTOTYPES = YES;
				CLANG_WARN_SUSPICIOUS_MOVE = YES;
				CLANG_WARN_UNGUARDED_AVAILABILITY = YES_AGGRESSIVE;
				CLANG_WARN_UNREACHABLE_CODE = YES;
				CLANG_WARN__DUPLICATE_METHOD_MATCH = YES;
				CODE_SIGN_IDENTITY = "iPhone Developer";
				COPY_PHASE_STRIP = NO;
				DEBUG_INFORMATION_FORMAT = "dwarf-with-dsym";
				ENABLE_NS_ASSERTIONS = NO;
				ENABLE_STRICT_OBJC_MSGSEND = YES;
				GCC_C_LANGUAGE_STANDARD = gnu11;
				GCC_NO_COMMON_BLOCKS = YES;
				GCC_WARN_64_TO_32_BIT_CONVERSION = YES;
				GCC_WARN_ABOUT_RETURN_TYPE = YES_ERROR;
				GCC_WARN_UNDECLARED_SELECTOR = YES;
				GCC_WARN_UNINITIALIZED_AUTOS = YES_AGGRESSIVE;
				GCC_WARN_UNUSED_FUNCTION = YES;
				GCC_WARN_UNUSED_VARIABLE = YES;
				IPHONEOS_DEPLOYMENT_TARGET = 11.2;
				MTL_ENABLE_DEBUG_INFO = NO;
				SDKROOT = iphoneos;
				SWIFT_OPTIMIZATION_LEVEL = "-Owholemodule";
				VALIDATE_PRODUCT = YES;
			};
			name = Release;
		};
		444431E71FFDAB8000D5BDED /* Debug */ = {
			isa = XCBuildConfiguration;
			buildSettings = {
				ASSETCATALOG_COMPILER_APPICON_NAME = AppIcon;
				CODE_SIGN_STYLE = Automatic;
				DEVELOPMENT_TEAM = 7KF4FF2YG8;
				INFOPLIST_FILE = "Check Deposit Image V1/Info.plist";
				LD_RUNPATH_SEARCH_PATHS = "$(inherited) @executable_path/Frameworks";
				PRODUCT_BUNDLE_IDENTIFIER = "test.Check-Deposit-Image-V1";
				PRODUCT_NAME = "$(TARGET_NAME)";
				SWIFT_VERSION = 4.0;
				TARGETED_DEVICE_FAMILY = "1,2";
			};
			name = Debug;
		};
		444431E81FFDAB8000D5BDED /* Release */ = {
			isa = XCBuildConfiguration;
			buildSettings = {
				ASSETCATALOG_COMPILER_APPICON_NAME = AppIcon;
				CODE_SIGN_STYLE = Automatic;
				DEVELOPMENT_TEAM = 7KF4FF2YG8;
				INFOPLIST_FILE = "Check Deposit Image V1/Info.plist";
				LD_RUNPATH_SEARCH_PATHS = "$(inherited) @executable_path/Frameworks";
				PRODUCT_BUNDLE_IDENTIFIER = "test.Check-Deposit-Image-V1";
				PRODUCT_NAME = "$(TARGET_NAME)";
				SWIFT_VERSION = 4.0;
				TARGETED_DEVICE_FAMILY = "1,2";
			};
			name = Release;
		};
/* End XCBuildConfiguration section */

/* Begin XCConfigurationList section */
		444431CF1FFDAB8000D5BDED /* Build configuration list for PBXProject "Check Deposit Image V1" */ = {
			isa = XCConfigurationList;
			buildConfigurations = (
				444431E41FFDAB8000D5BDED /* Debug */,
				444431E51FFDAB8000D5BDED /* Release */,
			);
			defaultConfigurationIsVisible = 0;
			defaultConfigurationName = Release;
		};
		444431E61FFDAB8000D5BDED /* Build configuration list for PBXNativeTarget "Check Deposit Image V1" */ = {
			isa = XCConfigurationList;
			buildConfigurations = (
				444431E71FFDAB8000D5BDED /* Debug */,
				444431E81FFDAB8000D5BDED /* Release */,
			);
			defaultConfigurationIsVisible = 0;
			defaultConfigurationName = Release;
		};
/* End XCConfigurationList section */
	};
	rootObject = 444431CC1FFDAB8000D5BDED /* Project object */;
}
